
Microsoft Visual Studio Solution File, Format Version 12.00
# Visual Studio Version 17
VisualStudioVersion = 17.5.002.0
MinimumVisualStudioVersion = 10.0.40219.1
Project("{9A19103F-16F7-4668-BE54-9A1E7A4F7556}") = "SampleMVC", "SampleMVC.csproj", "{C7F68649-FA0B-44B8-911A-73FB606D5BA9}"
EndProject
Global
	GlobalSection(SolutionConfigurationPlatforms) = preSolution
		Debug|Any CPU = Debug|Any CPU
		Release|Any CPU = Release|Any CPU
	EndGlobalSection
	GlobalSection(ProjectConfigurationPlatforms) = postSolution
		{C7F68649-FA0B-44B8-911A-73FB606D5BA9}.Debug|Any CPU.ActiveCfg = Debug|Any CPU
		{C7F68649-FA0B-44B8-911A-73FB606D5BA9}.Debug|Any CPU.Build.0 = Debug|Any CPU
		{C7F68649-FA0B-44B8-911A-73FB606D5BA9}.Release|Any CPU.ActiveCfg = Release|Any CPU
		{C7F68649-FA0B-44B8-911A-73FB606D5BA9}.Release|Any CPU.Build.0 = Release|Any CPU
	EndGlobalSection
	GlobalSection(SolutionProperties) = preSolution
		HideSolutionNode = FALSE
	EndGlobalSection
	GlobalSection(ExtensibilityGlobals) = postSolution
		SolutionGuid = {558A1E25-3C1B-4F8A-8904-2015466788EF}
	EndGlobalSection
EndGlobal
